PODS:
  - HLSpriteKit (0.9.9)

DEPENDENCIES:
  - HLSpriteKit (from `https://github.com/hilogames/HLSpriteKit.git`)

EXTERNAL SOURCES:
  HLSpriteKit:
    :git: https://github.com/hilogames/HLSpriteKit.git

CHECKOUT OPTIONS:
  HLSpriteKit:
    :commit: 9697aa85a0311081879a64378c4a1823b0a51e1b
    :git: https://github.com/hilogames/HLSpriteKit.git

SPEC CHECKSUMS:
  HLSpriteKit: e88f5398f4d0c03b3f2c67e3ac014a5e8f986761

COCOAPODS: 0.39.0
