// !$*UTF8*$!
{
	archiveVersion = 1;
	classes = {
	};
	objectVersion = 46;
	objects = {

/* Begin PBXBuildFile section */
		7EC55D6AFCDDCB27F3B0024E /* libPods-Flippy.a in Frameworks */ = {isa = PBXBuildFile; fileRef = E38BB7A8F21EE422D9E05726 /* libPods-Flippy.a */; };
		CB049D0B1A1E5CF800E5095F /* launch-image.jpg in Resources */ = {isa = PBXBuildFile; fileRef = CB049D0A1A1E5CF800E5095F /* launch-image.jpg */; };
		CB05B3B0196B353A00FF58A5 /* railDestruction.sks in Resources */ = {isa = PBXBuildFile; fileRef = CB05B3AE196B353A00FF58A5 /* railDestruction.sks */; };
		CB05B3B1196B353A00FF58A5 /* sleeperDestruction.sks in Resources */ = {isa = PBXBuildFile; fileRef = CB05B3AF196B353A00FF58A5 /* sleeperDestruction.sks */; };
		CB05B3B5196B358800FF58A5 /* levels in Resources */ = {isa = PBXBuildFile; fileRef = CB05B3B4196B358800FF58A5 /* levels */; };
		CB0DA5A618B7D8CE00E43D34 /* FLPath.mm in Sources */ = {isa = PBXBuildFile; fileRef = CB0DA5A418B7D8CE00E43D34 /* FLPath.mm */; };
		CB0FBEF31A23944C0024CFBD /* DenseSectorTable.cpp in Sources */ = {isa = PBXBuildFile; fileRef = CB0FBEF11A23944C0024CFBD /* DenseSectorTable.cpp */; };
		CB17FD7819C8A69000DECE5E /* train-whistle-tune-1.caf in Resources */ = {isa = PBXBuildFile; fileRef = CB17FD7719C8A69000DECE5E /* train-whistle-tune-1.caf */; };
		CB17FD7A19C8A7B800DECE5E /* ka-chick.caf in Resources */ = {isa = PBXBuildFile; fileRef = CB17FD7919C8A7B800DECE5E /* ka-chick.caf */; };
		CB17FD7C19C8AAD100DECE5E /* pop-2.caf in Resources */ = {isa = PBXBuildFile; fileRef = CB17FD7B19C8AAD100DECE5E /* pop-2.caf */; };
		CB1D39E219F05A3900D829CB /* platform-left-nonatlas.png in Resources */ = {isa = PBXBuildFile; fileRef = CB1D39DE19F05A3900D829CB /* platform-left-nonatlas.png */; };
		CB1D39E319F05A3900D829CB /* platform-right-nonatlas.png in Resources */ = {isa = PBXBuildFile; fileRef = CB1D39DF19F05A3900D829CB /* platform-right-nonatlas.png */; };
		CB1D39E419F05A3900D829CB /* platform-start-left-nonatlas.png in Resources */ = {isa = PBXBuildFile; fileRef = CB1D39E019F05A3900D829CB /* platform-start-left-nonatlas.png */; };
		CB1D39E519F05A3900D829CB /* platform-start-right-nonatlas.png in Resources */ = {isa = PBXBuildFile; fileRef = CB1D39E119F05A3900D829CB /* platform-start-right-nonatlas.png */; };
		CB230D791A003E6A00F4CA44 /* unlock.png in Resources */ = {isa = PBXBuildFile; fileRef = CB230D781A003E6A00F4CA44 /* unlock.png */; };
		CB2ED87419D9AB8C0021CF86 /* grass.jpg in Resources */ = {isa = PBXBuildFile; fileRef = CB2ED87319D9AB8C0021CF86 /* grass.jpg */; };
		CB485D88196ECE2B00E8646B /* ChallengeLevels.plist in Resources */ = {isa = PBXBuildFile; fileRef = CB485D87196ECE2B00E8646B /* ChallengeLevels.plist */; };
		CB485D92196ED4D900E8646B /* FLConstants.m in Sources */ = {isa = PBXBuildFile; fileRef = CB485D91196ED4D900E8646B /* FLConstants.m */; };
		CB485D95196EE0CC00E8646B /* Localizable.strings in Resources */ = {isa = PBXBuildFile; fileRef = CB485D93196EE0CC00E8646B /* Localizable.strings */; };
		CB50C21718BF8F140072DA30 /* FLTrackGrid.mm in Sources */ = {isa = PBXBuildFile; fileRef = CB50C21518BF8F140072DA30 /* FLTrackGrid.mm */; };
		CB6F6E801A03DAAB003112D8 /* happyBurst.sks in Resources */ = {isa = PBXBuildFile; fileRef = CB6F6E7E1A03DAAB003112D8 /* happyBurst.sks */; };
		CB6F6E811A03DAAB003112D8 /* happyBurst.png in Resources */ = {isa = PBXBuildFile; fileRef = CB6F6E7F1A03DAAB003112D8 /* happyBurst.png */; };
		CB6F6E831A03E9A9003112D8 /* brr-bring.caf in Resources */ = {isa = PBXBuildFile; fileRef = CB6F6E821A03E8E2003112D8 /* brr-bring.caf */; };
		CB7B494C18D39E1C00FACEF4 /* FLLinks.mm in Sources */ = {isa = PBXBuildFile; fileRef = CB7B494A18D39E1C00FACEF4 /* FLLinks.mm */; };
		CB82BA311A04612E00B2E503 /* FLGoalsNode.mm in Sources */ = {isa = PBXBuildFile; fileRef = CB82BA301A04612E00B2E503 /* FLGoalsNode.mm */; };
		CB84E0881A76885300E2BDA6 /* hilo-icon-128-background.png in Resources */ = {isa = PBXBuildFile; fileRef = CB84E0871A76885300E2BDA6 /* hilo-icon-128-background.png */; };
		CB8E4CBC1A2503F600330611 /* DenseSectorTableTests.mm in Sources */ = {isa = PBXBuildFile; fileRef = CB8E4CBB1A2503F600330611 /* DenseSectorTableTests.mm */; };
		CB929EAE18B93AE200543F25 /* FLSegmentNode.mm in Sources */ = {isa = PBXBuildFile; fileRef = CB929EAD18B93AE200543F25 /* FLSegmentNode.mm */; };
		CB960300196B86FF00569870 /* engine.png in Resources */ = {isa = PBXBuildFile; fileRef = CB9602EC196B86FF00569870 /* engine.png */; };
		CB960306196B86FF00569870 /* menu-button.png in Resources */ = {isa = PBXBuildFile; fileRef = CB9602F2196B86FF00569870 /* menu-button.png */; };
		CB960308196B86FF00569870 /* rail.png in Resources */ = {isa = PBXBuildFile; fileRef = CB9602F4196B86FF00569870 /* rail.png */; };
		CB960309196B86FF00569870 /* sleeper.png in Resources */ = {isa = PBXBuildFile; fileRef = CB9602F5196B86FF00569870 /* sleeper.png */; };
		CB96030E196B86FF00569870 /* wooden-clatter-1.caf in Resources */ = {isa = PBXBuildFile; fileRef = CB9602FA196B86FF00569870 /* wooden-clatter-1.caf */; };
		CB96030F196B86FF00569870 /* wooden-click-1.caf in Resources */ = {isa = PBXBuildFile; fileRef = CB9602FB196B86FF00569870 /* wooden-click-1.caf */; };
		CB960310196B86FF00569870 /* wooden-click-2.caf in Resources */ = {isa = PBXBuildFile; fileRef = CB9602FC196B86FF00569870 /* wooden-click-2.caf */; };
		CB960311196B86FF00569870 /* wooden-clickity-2.caf in Resources */ = {isa = PBXBuildFile; fileRef = CB9602FD196B86FF00569870 /* wooden-clickity-2.caf */; };
		CB960335196B88AD00569870 /* cross-nonatlas.png in Resources */ = {isa = PBXBuildFile; fileRef = CB96032A196B88AD00569870 /* cross-nonatlas.png */; };
		CB960336196B88AD00569870 /* curve-nonatlas.png in Resources */ = {isa = PBXBuildFile; fileRef = CB96032B196B88AD00569870 /* curve-nonatlas.png */; };
		CB960337196B88AD00569870 /* jog-left-nonatlas.png in Resources */ = {isa = PBXBuildFile; fileRef = CB96032C196B88AD00569870 /* jog-left-nonatlas.png */; };
		CB960338196B88AD00569870 /* jog-right-nonatlas.png in Resources */ = {isa = PBXBuildFile; fileRef = CB96032D196B88AD00569870 /* jog-right-nonatlas.png */; };
		CB960339196B88AD00569870 /* join-left-nonatlas.png in Resources */ = {isa = PBXBuildFile; fileRef = CB96032E196B88AD00569870 /* join-left-nonatlas.png */; };
		CB96033A196B88AD00569870 /* join-right-nonatlas.png in Resources */ = {isa = PBXBuildFile; fileRef = CB96032F196B88AD00569870 /* join-right-nonatlas.png */; };
		CB96033C196B88AD00569870 /* straight-nonatlas.png in Resources */ = {isa = PBXBuildFile; fileRef = CB960331196B88AD00569870 /* straight-nonatlas.png */; };
		CB96033D196B88AD00569870 /* switch-nonatlas.png in Resources */ = {isa = PBXBuildFile; fileRef = CB960332196B88AD00569870 /* switch-nonatlas.png */; };
		CB96033E196B88AD00569870 /* value-0-nonatlas.png in Resources */ = {isa = PBXBuildFile; fileRef = CB960333196B88AD00569870 /* value-0-nonatlas.png */; };
		CB96033F196B88AD00569870 /* value-1-nonatlas.png in Resources */ = {isa = PBXBuildFile; fileRef = CB960334196B88AD00569870 /* value-1-nonatlas.png */; };
		CB960343196B892E00569870 /* tools.atlas in Resources */ = {isa = PBXBuildFile; fileRef = CB960341196B892E00569870 /* tools.atlas */; };
		CB960344196B892E00569870 /* track.atlas in Resources */ = {isa = PBXBuildFile; fileRef = CB960342196B892E00569870 /* track.atlas */; };
		CBA5ED521906FECD00DBF36E /* gates in Resources */ = {isa = PBXBuildFile; fileRef = CBA5ED511906FECD00DBF36E /* gates */; };
		CBA5ED541907007800DBF36E /* circuits in Resources */ = {isa = PBXBuildFile; fileRef = CBA5ED531907007800DBF36E /* circuits */; };
		CBAA13371A1D1ECD00FD90F8 /* LaunchScreen.xib in Resources */ = {isa = PBXBuildFile; fileRef = CBAA13361A1D1ECD00FD90F8 /* LaunchScreen.xib */; };
		CBB4B7F9183C00E1003C3444 /* Foundation.framework in Frameworks */ = {isa = PBXBuildFile; fileRef = CBB4B7F8183C00E1003C3444 /* Foundation.framework */; };
		CBB4B7FB183C00E1003C3444 /* CoreGraphics.framework in Frameworks */ = {isa = PBXBuildFile; fileRef = CBB4B7FA183C00E1003C3444 /* CoreGraphics.framework */; };
		CBB4B7FD183C00E1003C3444 /* UIKit.framework in Frameworks */ = {isa = PBXBuildFile; fileRef = CBB4B7FC183C00E1003C3444 /* UIKit.framework */; };
		CBB4B7FF183C00E1003C3444 /* SpriteKit.framework in Frameworks */ = {isa = PBXBuildFile; fileRef = CBB4B7FE183C00E1003C3444 /* SpriteKit.framework */; };
		CBB4B805183C00E1003C3444 /* InfoPlist.strings in Resources */ = {isa = PBXBuildFile; fileRef = CBB4B803183C00E1003C3444 /* InfoPlist.strings */; };
		CBB4B807183C00E1003C3444 /* main.m in Sources */ = {isa = PBXBuildFile; fileRef = CBB4B806183C00E1003C3444 /* main.m */; };
		CBB4B80B183C00E1003C3444 /* FLAppDelegate.mm in Sources */ = {isa = PBXBuildFile; fileRef = CBB4B80A183C00E1003C3444 /* FLAppDelegate.mm */; };
		CBB4B814183C00E1003C3444 /* FLViewController.mm in Sources */ = {isa = PBXBuildFile; fileRef = CBB4B813183C00E1003C3444 /* FLViewController.mm */; };
		CBB4B817183C00E1003C3444 /* FLTrackScene.mm in Sources */ = {isa = PBXBuildFile; fileRef = CBB4B816183C00E1003C3444 /* FLTrackScene.mm */; };
		CBB4B81B183C00E1003C3444 /* Images.xcassets in Resources */ = {isa = PBXBuildFile; fileRef = CBB4B81A183C00E1003C3444 /* Images.xcassets */; };
		CBBB184B19C736F30088D345 /* train-whistle-2.caf in Resources */ = {isa = PBXBuildFile; fileRef = CBBB184A19C736F30088D345 /* train-whistle-2.caf */; };
		CBBB185219C739EF0088D345 /* train-stop-hiss.caf in Resources */ = {isa = PBXBuildFile; fileRef = CBBB184F19C739EF0088D345 /* train-stop-hiss.caf */; };
		CBC28EC819F9580D00DA248E /* FLUser.m in Sources */ = {isa = PBXBuildFile; fileRef = CBC28EC719F9580D00DA248E /* FLUser.m */; };
		CBD65A1319CB4FCF00F488B2 /* plink-1.caf in Resources */ = {isa = PBXBuildFile; fileRef = CBD65A1119CB4FCF00F488B2 /* plink-1.caf */; };
		CBD65A1419CB4FCF00F488B2 /* plink-2.caf in Resources */ = {isa = PBXBuildFile; fileRef = CBD65A1219CB4FCF00F488B2 /* plink-2.caf */; };
		CBD707C418AD0EE00041B170 /* FLTrain.mm in Sources */ = {isa = PBXBuildFile; fileRef = CBD707C318AD0EE00041B170 /* FLTrain.mm */; };
		CBE687AB1A0BC5AB00072EB0 /* Help.plist in Resources */ = {isa = PBXBuildFile; fileRef = CBE687AA1A0BC5AB00072EB0 /* Help.plist */; };
		CBEE13F018C4DBA400D1D42B /* AVFoundation.framework in Frameworks */ = {isa = PBXBuildFile; fileRef = CB0464A318AA6F7F00ABCA03 /* AVFoundation.framework */; };
		CBF729A01A82AD8A00F3FFA3 /* DSMultilineLabelNode.m in Sources */ = {isa = PBXBuildFile; fileRef = CBF7299F1A82AD8A00F3FFA3 /* DSMultilineLabelNode.m */; };
		CBFCCE611A1BDB6600A598E5 /* FLApplication.m in Sources */ = {isa = PBXBuildFile; fileRef = CBFCCE601A1BDB6600A598E5 /* FLApplication.m */; };
/* End PBXBuildFile section */

/* Begin PBXContainerItemProxy section */
		CB8E4CB61A2503BA00330611 /* PBXContainerItemProxy */ = {
			isa = PBXContainerItemProxy;
			containerPortal = CBB4B7ED183C00E1003C3444 /* Project object */;
			proxyType = 1;
			remoteGlobalIDString = CBB4B7F4183C00E1003C3444;
			remoteInfo = Flippy;
		};
/* End PBXContainerItemProxy section */

/* Begin PBXFileReference section */
		0E26A1CC5842D2D6A69C2939 /* Pods-Flippy.release.xcconfig */ = {isa = PBXFileReference; includeInIndex = 1; lastKnownFileType = text.xcconfig; name = "Pods-Flippy.release.xcconfig"; path = "Pods/Target Support Files/Pods-Flippy/Pods-Flippy.release.xcconfig"; sourceTree = "<group>"; };
		CB0464A318AA6F7F00ABCA03 /* AVFoundation.framework */ = {isa = PBXFileReference; lastKnownFileType = wrapper.framework; name = AVFoundation.framework; path = System/Library/Frameworks/AVFoundation.framework; sourceTree = SDKROOT; };
		CB049D0A1A1E5CF800E5095F /* launch-image.jpg */ = {isa = PBXFileReference; lastKnownFileType = image.jpeg; path = "launch-image.jpg"; sourceTree = "<group>"; };
		CB05B3AE196B353A00FF58A5 /* railDestruction.sks */ = {isa = PBXFileReference; lastKnownFileType = file.sks; path = railDestruction.sks; sourceTree = "<group>"; };
		CB05B3AF196B353A00FF58A5 /* sleeperDestruction.sks */ = {isa = PBXFileReference; lastKnownFileType = file.sks; path = sleeperDestruction.sks; sourceTree = "<group>"; };
		CB05B3B4196B358800FF58A5 /* levels */ = {isa = PBXFileReference; lastKnownFileType = folder; path = levels; sourceTree = "<group>"; };
		CB0DA5A418B7D8CE00E43D34 /* FLPath.mm */ = {isa = PBXFileReference; fileEncoding = 4; lastKnownFileType = sourcecode.cpp.objcpp; path = FLPath.mm; sourceTree = "<group>"; };
		CB0DA5A518B7D8CE00E43D34 /* FLPath.h */ = {isa = PBXFileReference; fileEncoding = 4; lastKnownFileType = sourcecode.c.h; path = FLPath.h; sourceTree = "<group>"; };
		CB0FBEF11A23944C0024CFBD /* DenseSectorTable.cpp */ = {isa = PBXFileReference; fileEncoding = 4; lastKnownFileType = sourcecode.cpp.cpp; path = DenseSectorTable.cpp; sourceTree = "<group>"; };
		CB0FBEF21A23944C0024CFBD /* DenseSectorTable.h */ = {isa = PBXFileReference; explicitFileType = sourcecode.cpp.h; fileEncoding = 4; path = DenseSectorTable.h; sourceTree = "<group>"; };
		CB17FD7719C8A69000DECE5E /* train-whistle-tune-1.caf */ = {isa = PBXFileReference; lastKnownFileType = file; path = "train-whistle-tune-1.caf"; sourceTree = "<group>"; };
		CB17FD7919C8A7B800DECE5E /* ka-chick.caf */ = {isa = PBXFileReference; lastKnownFileType = file; path = "ka-chick.caf"; sourceTree = "<group>"; };
		CB17FD7B19C8AAD100DECE5E /* pop-2.caf */ = {isa = PBXFileReference; lastKnownFileType = file; path = "pop-2.caf"; sourceTree = "<group>"; };
		CB1D39DE19F05A3900D829CB /* platform-left-nonatlas.png */ = {isa = PBXFileReference; lastKnownFileType = image.png; path = "platform-left-nonatlas.png"; sourceTree = "<group>"; };
		CB1D39DF19F05A3900D829CB /* platform-right-nonatlas.png */ = {isa = PBXFileReference; lastKnownFileType = image.png; path = "platform-right-nonatlas.png"; sourceTree = "<group>"; };
		CB1D39E019F05A3900D829CB /* platform-start-left-nonatlas.png */ = {isa = PBXFileReference; lastKnownFileType = image.png; path = "platform-start-left-nonatlas.png"; sourceTree = "<group>"; };
		CB1D39E119F05A3900D829CB /* platform-start-right-nonatlas.png */ = {isa = PBXFileReference; lastKnownFileType = image.png; path = "platform-start-right-nonatlas.png"; sourceTree = "<group>"; };
		CB230D781A003E6A00F4CA44 /* unlock.png */ = {isa = PBXFileReference; lastKnownFileType = image.png; path = unlock.png; sourceTree = "<group>"; };
		CB2E3250198BF31000720EAA /* fnv.h */ = {isa = PBXFileReference; fileEncoding = 4; lastKnownFileType = sourcecode.c.h; path = fnv.h; sourceTree = "<group>"; };
		CB2ED87319D9AB8C0021CF86 /* grass.jpg */ = {isa = PBXFileReference; lastKnownFileType = image.jpeg; path = grass.jpg; sourceTree = "<group>"; };
		CB485D87196ECE2B00E8646B /* ChallengeLevels.plist */ = {isa = PBXFileReference; fileEncoding = 4; lastKnownFileType = text.plist.xml; path = ChallengeLevels.plist; sourceTree = "<group>"; };
		CB485D90196ED4D900E8646B /* FLConstants.h */ = {isa = PBXFileReference; fileEncoding = 4; lastKnownFileType = sourcecode.c.h; path = FLConstants.h; sourceTree = "<group>"; };
		CB485D91196ED4D900E8646B /* FLConstants.m */ = {isa = PBXFileReference; fileEncoding = 4; lastKnownFileType = sourcecode.c.objc; path = FLConstants.m; sourceTree = "<group>"; };
		CB485D94196EE0CC00E8646B /* en */ = {isa = PBXFileReference; lastKnownFileType = text.plist.strings; name = en; path = en.lproj/Localizable.strings; sourceTree = "<group>"; };
		CB4E6A49197CAEA600385300 /* HLProject.xcconfig */ = {isa = PBXFileReference; fileEncoding = 4; lastKnownFileType = text.xcconfig; path = HLProject.xcconfig; sourceTree = "<group>"; };
		CB50C21518BF8F140072DA30 /* FLTrackGrid.mm */ = {isa = PBXFileReference; fileEncoding = 4; lastKnownFileType = sourcecode.cpp.objcpp; path = FLTrackGrid.mm; sourceTree = "<group>"; };
		CB50C21618BF8F140072DA30 /* FLTrackGrid.h */ = {isa = PBXFileReference; fileEncoding = 4; lastKnownFileType = sourcecode.c.h; path = FLTrackGrid.h; sourceTree = "<group>"; };
		CB6F6E7E1A03DAAB003112D8 /* happyBurst.sks */ = {isa = PBXFileReference; lastKnownFileType = file.sks; path = happyBurst.sks; sourceTree = "<group>"; };
		CB6F6E7F1A03DAAB003112D8 /* happyBurst.png */ = {isa = PBXFileReference; lastKnownFileType = image.png; path = happyBurst.png; sourceTree = "<group>"; };
		CB6F6E821A03E8E2003112D8 /* brr-bring.caf */ = {isa = PBXFileReference; lastKnownFileType = file; path = "brr-bring.caf"; sourceTree = "<group>"; };
		CB7B494A18D39E1C00FACEF4 /* FLLinks.mm */ = {isa = PBXFileReference; fileEncoding = 4; lastKnownFileType = sourcecode.cpp.objcpp; path = FLLinks.mm; sourceTree = "<group>"; };
		CB7B494B18D39E1C00FACEF4 /* FLLinks.h */ = {isa = PBXFileReference; fileEncoding = 4; lastKnownFileType = sourcecode.c.h; path = FLLinks.h; sourceTree = "<group>"; };
		CB82BA2F1A04612E00B2E503 /* FLGoalsNode.h */ = {isa = PBXFileReference; explicitFileType = sourcecode.c.h; fileEncoding = 4; path = FLGoalsNode.h; sourceTree = "<group>"; };
		CB82BA301A04612E00B2E503 /* FLGoalsNode.mm */ = {isa = PBXFileReference; fileEncoding = 4; lastKnownFileType = sourcecode.cpp.objcpp; path = FLGoalsNode.mm; sourceTree = "<group>"; };
		CB84E0871A76885300E2BDA6 /* hilo-icon-128-background.png */ = {isa = PBXFileReference; lastKnownFileType = image.png; path = "hilo-icon-128-background.png"; sourceTree = "<group>"; };
		CB8E4CB01A2503BA00330611 /* Flippy Tests.xctest */ = {isa = PBXFileReference; explicitFileType = wrapper.cfbundle; includeInIndex = 0; path = "Flippy Tests.xctest"; sourceTree = BUILT_PRODUCTS_DIR; };
		CB8E4CB31A2503BA00330611 /* Info.plist */ = {isa = PBXFileReference; lastKnownFileType = text.plist.xml; path = Info.plist; sourceTree = "<group>"; };
		CB8E4CBB1A2503F600330611 /* DenseSectorTableTests.mm */ = {isa = PBXFileReference; fileEncoding = 4; lastKnownFileType = sourcecode.cpp.objcpp; name = DenseSectorTableTests.mm; path = "Flippy Tests/DenseSectorTableTests.mm"; sourceTree = SOURCE_ROOT; };
		CB929EAC18B93AE200543F25 /* FLSegmentNode.h */ = {isa = PBXFileReference; fileEncoding = 4; lastKnownFileType = sourcecode.c.h; path = FLSegmentNode.h; sourceTree = "<group>"; };
		CB929EAD18B93AE200543F25 /* FLSegmentNode.mm */ = {isa = PBXFileReference; fileEncoding = 4; lastKnownFileType = sourcecode.cpp.objcpp; path = FLSegmentNode.mm; sourceTree = "<group>"; };
		CB9602EC196B86FF00569870 /* engine.png */ = {isa = PBXFileReference; lastKnownFileType = image.png; path = engine.png; sourceTree = "<group>"; };
		CB9602F2196B86FF00569870 /* menu-button.png */ = {isa = PBXFileReference; lastKnownFileType = image.png; path = "menu-button.png"; sourceTree = "<group>"; };
		CB9602F4196B86FF00569870 /* rail.png */ = {isa = PBXFileReference; lastKnownFileType = image.png; path = rail.png; sourceTree = "<group>"; };
		CB9602F5196B86FF00569870 /* sleeper.png */ = {isa = PBXFileReference; lastKnownFileType = image.png; path = sleeper.png; sourceTree = "<group>"; };
		CB9602FA196B86FF00569870 /* wooden-clatter-1.caf */ = {isa = PBXFileReference; lastKnownFileType = file; path = "wooden-clatter-1.caf"; sourceTree = "<group>"; };
		CB9602FB196B86FF00569870 /* wooden-click-1.caf */ = {isa = PBXFileReference; lastKnownFileType = file; path = "wooden-click-1.caf"; sourceTree = "<group>"; };
		CB9602FC196B86FF00569870 /* wooden-click-2.caf */ = {isa = PBXFileReference; lastKnownFileType = file; path = "wooden-click-2.caf"; sourceTree = "<group>"; };
		CB9602FD196B86FF00569870 /* wooden-clickity-2.caf */ = {isa = PBXFileReference; lastKnownFileType = file; path = "wooden-clickity-2.caf"; sourceTree = "<group>"; };
		CB96032A196B88AD00569870 /* cross-nonatlas.png */ = {isa = PBXFileReference; lastKnownFileType = image.png; path = "cross-nonatlas.png"; sourceTree = "<group>"; };
		CB96032B196B88AD00569870 /* curve-nonatlas.png */ = {isa = PBXFileReference; lastKnownFileType = image.png; path = "curve-nonatlas.png"; sourceTree = "<group>"; };
		CB96032C196B88AD00569870 /* jog-left-nonatlas.png */ = {isa = PBXFileReference; lastKnownFileType = image.png; path = "jog-left-nonatlas.png"; sourceTree = "<group>"; };
		CB96032D196B88AD00569870 /* jog-right-nonatlas.png */ = {isa = PBXFileReference; lastKnownFileType = image.png; path = "jog-right-nonatlas.png"; sourceTree = "<group>"; };
		CB96032E196B88AD00569870 /* join-left-nonatlas.png */ = {isa = PBXFileReference; lastKnownFileType = image.png; path = "join-left-nonatlas.png"; sourceTree = "<group>"; };
		CB96032F196B88AD00569870 /* join-right-nonatlas.png */ = {isa = PBXFileReference; lastKnownFileType = image.png; path = "join-right-nonatlas.png"; sourceTree = "<group>"; };
		CB960331196B88AD00569870 /* straight-nonatlas.png */ = {isa = PBXFileReference; lastKnownFileType = image.png; path = "straight-nonatlas.png"; sourceTree = "<group>"; };
		CB960332196B88AD00569870 /* switch-nonatlas.png */ = {isa = PBXFileReference; lastKnownFileType = image.png; path = "switch-nonatlas.png"; sourceTree = "<group>"; };
		CB960333196B88AD00569870 /* value-0-nonatlas.png */ = {isa = PBXFileReference; lastKnownFileType = image.png; path = "value-0-nonatlas.png"; sourceTree = "<group>"; };
		CB960334196B88AD00569870 /* value-1-nonatlas.png */ = {isa = PBXFileReference; lastKnownFileType = image.png; path = "value-1-nonatlas.png"; sourceTree = "<group>"; };
		CB960341196B892E00569870 /* tools.atlas */ = {isa = PBXFileReference; lastKnownFileType = folder.skatlas; path = tools.atlas; sourceTree = "<group>"; };
		CB960342196B892E00569870 /* track.atlas */ = {isa = PBXFileReference; lastKnownFileType = folder.skatlas; path = track.atlas; sourceTree = "<group>"; };
		CBA5ED511906FECD00DBF36E /* gates */ = {isa = PBXFileReference; lastKnownFileType = folder; path = gates; sourceTree = "<group>"; };
		CBA5ED531907007800DBF36E /* circuits */ = {isa = PBXFileReference; lastKnownFileType = folder; path = circuits; sourceTree = "<group>"; };
		CBAA13361A1D1ECD00FD90F8 /* LaunchScreen.xib */ = {isa = PBXFileReference; fileEncoding = 4; lastKnownFileType = file.xib; path = LaunchScreen.xib; sourceTree = "<group>"; };
		CBB4B7F5183C00E1003C3444 /* Flippy.app */ = {isa = PBXFileReference; explicitFileType = wrapper.application; includeInIndex = 0; path = Flippy.app; sourceTree = BUILT_PRODUCTS_DIR; };
		CBB4B7F8183C00E1003C3444 /* Foundation.framework */ = {isa = PBXFileReference; lastKnownFileType = wrapper.framework; name = Foundation.framework; path = System/Library/Frameworks/Foundation.framework; sourceTree = SDKROOT; };
		CBB4B7FA183C00E1003C3444 /* CoreGraphics.framework */ = {isa = PBXFileReference; lastKnownFileType = wrapper.framework; name = CoreGraphics.framework; path = System/Library/Frameworks/CoreGraphics.framework; sourceTree = SDKROOT; };
		CBB4B7FC183C00E1003C3444 /* UIKit.framework */ = {isa = PBXFileReference; lastKnownFileType = wrapper.framework; name = UIKit.framework; path = System/Library/Frameworks/UIKit.framework; sourceTree = SDKROOT; };
		CBB4B7FE183C00E1003C3444 /* SpriteKit.framework */ = {isa = PBXFileReference; lastKnownFileType = wrapper.framework; name = SpriteKit.framework; path = System/Library/Frameworks/SpriteKit.framework; sourceTree = SDKROOT; };
		CBB4B802183C00E1003C3444 /* Flippy-Info.plist */ = {isa = PBXFileReference; lastKnownFileType = text.plist.xml; path = "Flippy-Info.plist"; sourceTree = "<group>"; };
		CBB4B804183C00E1003C3444 /* en */ = {isa = PBXFileReference; lastKnownFileType = text.plist.strings; name = en; path = en.lproj/InfoPlist.strings; sourceTree = "<group>"; };
		CBB4B806183C00E1003C3444 /* main.m */ = {isa = PBXFileReference; lastKnownFileType = sourcecode.c.objc; path = main.m; sourceTree = "<group>"; };
		CBB4B808183C00E1003C3444 /* Flippy-Prefix.pch */ = {isa = PBXFileReference; lastKnownFileType = sourcecode.c.h; path = "Flippy-Prefix.pch"; sourceTree = "<group>"; };
		CBB4B809183C00E1003C3444 /* FLAppDelegate.h */ = {isa = PBXFileReference; lastKnownFileType = sourcecode.c.h; path = FLAppDelegate.h; sourceTree = "<group>"; };
		CBB4B80A183C00E1003C3444 /* FLAppDelegate.mm */ = {isa = PBXFileReference; lastKnownFileType = sourcecode.cpp.objcpp; path = FLAppDelegate.mm; sourceTree = "<group>"; };
		CBB4B812183C00E1003C3444 /* FLViewController.h */ = {isa = PBXFileReference; lastKnownFileType = sourcecode.c.h; path = FLViewController.h; sourceTree = "<group>"; };
		CBB4B813183C00E1003C3444 /* FLViewController.mm */ = {isa = PBXFileReference; lastKnownFileType = sourcecode.cpp.objcpp; path = FLViewController.mm; sourceTree = "<group>"; };
		CBB4B815183C00E1003C3444 /* FLTrackScene.h */ = {isa = PBXFileReference; lastKnownFileType = sourcecode.c.h; path = FLTrackScene.h; sourceTree = "<group>"; };
		CBB4B816183C00E1003C3444 /* FLTrackScene.mm */ = {isa = PBXFileReference; lastKnownFileType = sourcecode.cpp.objcpp; path = FLTrackScene.mm; sourceTree = "<group>"; };
		CBB4B81A183C00E1003C3444 /* Images.xcassets */ = {isa = PBXFileReference; lastKnownFileType = folder.assetcatalog; path = Images.xcassets; sourceTree = "<group>"; };
		CBBB184A19C736F30088D345 /* train-whistle-2.caf */ = {isa = PBXFileReference; lastKnownFileType = file; path = "train-whistle-2.caf"; sourceTree = "<group>"; };
		CBBB184F19C739EF0088D345 /* train-stop-hiss.caf */ = {isa = PBXFileReference; lastKnownFileType = file; path = "train-stop-hiss.caf"; sourceTree = "<group>"; };
		CBC28EC619F9580D00DA248E /* FLUser.h */ = {isa = PBXFileReference; fileEncoding = 4; lastKnownFileType = sourcecode.c.h; path = FLUser.h; sourceTree = "<group>"; };
		CBC28EC719F9580D00DA248E /* FLUser.m */ = {isa = PBXFileReference; fileEncoding = 4; lastKnownFileType = sourcecode.c.objc; path = FLUser.m; sourceTree = "<group>"; };
		CBD65A1119CB4FCF00F488B2 /* plink-1.caf */ = {isa = PBXFileReference; lastKnownFileType = file; path = "plink-1.caf"; sourceTree = "<group>"; };
		CBD65A1219CB4FCF00F488B2 /* plink-2.caf */ = {isa = PBXFileReference; lastKnownFileType = file; path = "plink-2.caf"; sourceTree = "<group>"; };
		CBD707C218AD0EE00041B170 /* FLTrain.h */ = {isa = PBXFileReference; fileEncoding = 4; lastKnownFileType = sourcecode.c.h; path = FLTrain.h; sourceTree = "<group>"; };
		CBD707C318AD0EE00041B170 /* FLTrain.mm */ = {isa = PBXFileReference; fileEncoding = 4; lastKnownFileType = sourcecode.cpp.objcpp; path = FLTrain.mm; sourceTree = "<group>"; };
		CBE687AA1A0BC5AB00072EB0 /* Help.plist */ = {isa = PBXFileReference; fileEncoding = 4; lastKnownFileType = text.plist.xml; path = Help.plist; sourceTree = "<group>"; };
		CBF7299E1A82AD8A00F3FFA3 /* DSMultilineLabelNode.h */ = {isa = PBXFileReference; fileEncoding = 4; lastKnownFileType = sourcecode.c.h; path = DSMultilineLabelNode.h; sourceTree = "<group>"; };
		CBF7299F1A82AD8A00F3FFA3 /* DSMultilineLabelNode.m */ = {isa = PBXFileReference; fileEncoding = 4; lastKnownFileType = sourcecode.c.objc; path = DSMultilineLabelNode.m; sourceTree = "<group>"; };
		CBFCCE5F1A1BDB6600A598E5 /* FLApplication.h */ = {isa = PBXFileReference; fileEncoding = 4; lastKnownFileType = sourcecode.c.h; path = FLApplication.h; sourceTree = "<group>"; };
		CBFCCE601A1BDB6600A598E5 /* FLApplication.m */ = {isa = PBXFileReference; fileEncoding = 4; lastKnownFileType = sourcecode.c.objc; path = FLApplication.m; sourceTree = "<group>"; };
		D8D553652305AF6F8063F695 /* Pods-Flippy.debug.xcconfig */ = {isa = PBXFileReference; includeInIndex = 1; lastKnownFileType = text.xcconfig; name = "Pods-Flippy.debug.xcconfig"; path = "Pods/Target Support Files/Pods-Flippy/Pods-Flippy.debug.xcconfig"; sourceTree = "<group>"; };
		E38BB7A8F21EE422D9E05726 /* libPods-Flippy.a */ = {isa = PBXFileReference; explicitFileType = archive.ar; includeInIndex = 0; path = "libPods-Flippy.a"; sourceTree = BUILT_PRODUCTS_DIR; };
/* End PBXFileReference section */

/* Begin PBXFrameworksBuildPhase section */
		CB8E4CAD1A2503BA00330611 /* Frameworks */ = {
			isa = PBXFrameworksBuildPhase;
			buildActionMask = 2147483647;
			files = (
			);
			runOnlyForDeploymentPostprocessing = 0;
		};
		CBB4B7F2183C00E1003C3444 /* Frameworks */ = {
			isa = PBXFrameworksBuildPhase;
			buildActionMask = 2147483647;
			files = (
				CBEE13F018C4DBA400D1D42B /* AVFoundation.framework in Frameworks */,
				CBB4B7FB183C00E1003C3444 /* CoreGraphics.framework in Frameworks */,
				CBB4B7FD183C00E1003C3444 /* UIKit.framework in Frameworks */,
				CBB4B7FF183C00E1003C3444 /* SpriteKit.framework in Frameworks */,
				CBB4B7F9183C00E1003C3444 /* Foundation.framework in Frameworks */,
				7EC55D6AFCDDCB27F3B0024E /* libPods-Flippy.a in Frameworks */,
			);
			runOnlyForDeploymentPostprocessing = 0;
		};
/* End PBXFrameworksBuildPhase section */

/* Begin PBXGroup section */
		4ED7E1C4DCA5F97D4E71C794 /* Pods */ = {
			isa = PBXGroup;
			children = (
				D8D553652305AF6F8063F695 /* Pods-Flippy.debug.xcconfig */,
				0E26A1CC5842D2D6A69C2939 /* Pods-Flippy.release.xcconfig */,
			);
			name = Pods;
			sourceTree = "<group>";
		};
		CB05B3B6196B35A200FF58A5 /* Saves */ = {
			isa = PBXGroup;
			children = (
				CBA5ED531907007800DBF36E /* circuits */,
				CB05B3B4196B358800FF58A5 /* levels */,
				CBA5ED511906FECD00DBF36E /* gates */,
			);
			name = Saves;
			sourceTree = "<group>";
		};
		CB8E4CB11A2503BA00330611 /* Flippy Tests */ = {
			isa = PBXGroup;
			children = (
				CB8E4CBB1A2503F600330611 /* DenseSectorTableTests.mm */,
				CB8E4CB21A2503BA00330611 /* Supporting Files */,
			);
			path = "Flippy Tests";
			sourceTree = "<group>";
		};
		CB8E4CB21A2503BA00330611 /* Supporting Files */ = {
			isa = PBXGroup;
			children = (
				CB8E4CB31A2503BA00330611 /* Info.plist */,
			);
			name = "Supporting Files";
			sourceTree = "<group>";
		};
		CB9602E9196B86B000569870 /* Images */ = {
			isa = PBXGroup;
			children = (
				CB96032A196B88AD00569870 /* cross-nonatlas.png */,
				CB96032B196B88AD00569870 /* curve-nonatlas.png */,
				CB9602EC196B86FF00569870 /* engine.png */,
				CB2ED87319D9AB8C0021CF86 /* grass.jpg */,
				CB6F6E7F1A03DAAB003112D8 /* happyBurst.png */,
				CB84E0871A76885300E2BDA6 /* hilo-icon-128-background.png */,
				CB96032C196B88AD00569870 /* jog-left-nonatlas.png */,
				CB96032D196B88AD00569870 /* jog-right-nonatlas.png */,
				CB96032E196B88AD00569870 /* join-left-nonatlas.png */,
				CB96032F196B88AD00569870 /* join-right-nonatlas.png */,
				CB9602F2196B86FF00569870 /* menu-button.png */,
				CB1D39DE19F05A3900D829CB /* platform-left-nonatlas.png */,
				CB1D39DF19F05A3900D829CB /* platform-right-nonatlas.png */,
				CB1D39E019F05A3900D829CB /* platform-start-left-nonatlas.png */,
				CB1D39E119F05A3900D829CB /* platform-start-right-nonatlas.png */,
				CB9602F4196B86FF00569870 /* rail.png */,
				CB9602F5196B86FF00569870 /* sleeper.png */,
				CB960331196B88AD00569870 /* straight-nonatlas.png */,
				CB960332196B88AD00569870 /* switch-nonatlas.png */,
				CB230D781A003E6A00F4CA44 /* unlock.png */,
				CB960333196B88AD00569870 /* value-0-nonatlas.png */,
				CB960334196B88AD00569870 /* value-1-nonatlas.png */,
			);
			name = Images;
			sourceTree = "<group>";
		};
		CB960312196B878F00569870 /* Audio */ = {
			isa = PBXGroup;
			children = (
				CB6F6E821A03E8E2003112D8 /* brr-bring.caf */,
				CB17FD7919C8A7B800DECE5E /* ka-chick.caf */,
				CBD65A1119CB4FCF00F488B2 /* plink-1.caf */,
				CBD65A1219CB4FCF00F488B2 /* plink-2.caf */,
				CB17FD7B19C8AAD100DECE5E /* pop-2.caf */,
				CBBB184F19C739EF0088D345 /* train-stop-hiss.caf */,
				CBBB184A19C736F30088D345 /* train-whistle-2.caf */,
				CB17FD7719C8A69000DECE5E /* train-whistle-tune-1.caf */,
				CB9602FA196B86FF00569870 /* wooden-clatter-1.caf */,
				CB9602FB196B86FF00569870 /* wooden-click-1.caf */,
				CB9602FC196B86FF00569870 /* wooden-click-2.caf */,
				CB9602FD196B86FF00569870 /* wooden-clickity-2.caf */,
			);
			name = Audio;
			sourceTree = "<group>";
		};
		CB960313196B87AE00569870 /* Emitters */ = {
			isa = PBXGroup;
			children = (
				CB05B3AF196B353A00FF58A5 /* sleeperDestruction.sks */,
				CB05B3AE196B353A00FF58A5 /* railDestruction.sks */,
				CB6F6E7E1A03DAAB003112D8 /* happyBurst.sks */,
			);
			name = Emitters;
			sourceTree = "<group>";
		};
		CB960340196B892300569870 /* Atlases */ = {
			isa = PBXGroup;
			children = (
				CB960341196B892E00569870 /* tools.atlas */,
				CB960342196B892E00569870 /* track.atlas */,
			);
			name = Atlases;
			sourceTree = "<group>";
		};
		CBB4B7EC183C00E1003C3444 = {
			isa = PBXGroup;
			children = (
				CBB4B800183C00E1003C3444 /* Flippy */,
				CB8E4CB11A2503BA00330611 /* Flippy Tests */,
				CBB4B7F7183C00E1003C3444 /* Frameworks */,
				CB4E6A49197CAEA600385300 /* HLProject.xcconfig */,
				4ED7E1C4DCA5F97D4E71C794 /* Pods */,
				CBB4B7F6183C00E1003C3444 /* Products */,
			);
			sourceTree = "<group>";
		};
		CBB4B7F6183C00E1003C3444 /* Products */ = {
			isa = PBXGroup;
			children = (
				CBB4B7F5183C00E1003C3444 /* Flippy.app */,
				CB8E4CB01A2503BA00330611 /* Flippy Tests.xctest */,
			);
			name = Products;
			sourceTree = "<group>";
		};
		CBB4B7F7183C00E1003C3444 /* Frameworks */ = {
			isa = PBXGroup;
			children = (
				CB0464A318AA6F7F00ABCA03 /* AVFoundation.framework */,
				CBB4B7F8183C00E1003C3444 /* Foundation.framework */,
				CBB4B7FA183C00E1003C3444 /* CoreGraphics.framework */,
				CBB4B7FC183C00E1003C3444 /* UIKit.framework */,
				CBB4B7FE183C00E1003C3444 /* SpriteKit.framework */,
				E38BB7A8F21EE422D9E05726 /* libPods-Flippy.a */,
			);
			name = Frameworks;
			sourceTree = "<group>";
		};
		CBB4B800183C00E1003C3444 /* Flippy */ = {
			isa = PBXGroup;
			children = (
				CB960340196B892300569870 /* Atlases */,
				CB960312196B878F00569870 /* Audio */,
				CB0FBEF11A23944C0024CFBD /* DenseSectorTable.cpp */,
				CB0FBEF21A23944C0024CFBD /* DenseSectorTable.h */,
				CBF7299E1A82AD8A00F3FFA3 /* DSMultilineLabelNode.h */,
				CBF7299F1A82AD8A00F3FFA3 /* DSMultilineLabelNode.m */,
				CB960313196B87AE00569870 /* Emitters */,
				CBB4B809183C00E1003C3444 /* FLAppDelegate.h */,
				CBB4B80A183C00E1003C3444 /* FLAppDelegate.mm */,
				CBFCCE5F1A1BDB6600A598E5 /* FLApplication.h */,
				CBFCCE601A1BDB6600A598E5 /* FLApplication.m */,
				CB485D90196ED4D900E8646B /* FLConstants.h */,
				CB485D91196ED4D900E8646B /* FLConstants.m */,
				CB82BA2F1A04612E00B2E503 /* FLGoalsNode.h */,
				CB82BA301A04612E00B2E503 /* FLGoalsNode.mm */,
				CB7B494B18D39E1C00FACEF4 /* FLLinks.h */,
				CB7B494A18D39E1C00FACEF4 /* FLLinks.mm */,
				CB0DA5A518B7D8CE00E43D34 /* FLPath.h */,
				CB0DA5A418B7D8CE00E43D34 /* FLPath.mm */,
				CB929EAC18B93AE200543F25 /* FLSegmentNode.h */,
				CB929EAD18B93AE200543F25 /* FLSegmentNode.mm */,
				CB50C21618BF8F140072DA30 /* FLTrackGrid.h */,
				CB50C21518BF8F140072DA30 /* FLTrackGrid.mm */,
				CBB4B815183C00E1003C3444 /* FLTrackScene.h */,
				CBB4B816183C00E1003C3444 /* FLTrackScene.mm */,
				CBD707C218AD0EE00041B170 /* FLTrain.h */,
				CBD707C318AD0EE00041B170 /* FLTrain.mm */,
				CBC28EC619F9580D00DA248E /* FLUser.h */,
				CBC28EC719F9580D00DA248E /* FLUser.m */,
				CBB4B812183C00E1003C3444 /* FLViewController.h */,
				CBB4B813183C00E1003C3444 /* FLViewController.mm */,
				CB2E3250198BF31000720EAA /* fnv.h */,
				CB9602E9196B86B000569870 /* Images */,
				CBB4B81A183C00E1003C3444 /* Images.xcassets */,
				CB05B3B6196B35A200FF58A5 /* Saves */,
				CBB4B801183C00E1003C3444 /* Supporting Files */,
			);
			path = Flippy;
			sourceTree = "<group>";
		};
		CBB4B801183C00E1003C3444 /* Supporting Files */ = {
			isa = PBXGroup;
			children = (
				CB485D87196ECE2B00E8646B /* ChallengeLevels.plist */,
				CBB4B802183C00E1003C3444 /* Flippy-Info.plist */,
				CBB4B808183C00E1003C3444 /* Flippy-Prefix.pch */,
				CBE687AA1A0BC5AB00072EB0 /* Help.plist */,
				CBB4B803183C00E1003C3444 /* InfoPlist.strings */,
				CB049D0A1A1E5CF800E5095F /* launch-image.jpg */,
				CBAA13361A1D1ECD00FD90F8 /* LaunchScreen.xib */,
				CB485D93196EE0CC00E8646B /* Localizable.strings */,
				CBB4B806183C00E1003C3444 /* main.m */,
			);
			name = "Supporting Files";
			sourceTree = "<group>";
		};
/* End PBXGroup section */

/* Begin PBXNativeTarget section */
		CB8E4CAF1A2503BA00330611 /* Flippy Tests */ = {
			isa = PBXNativeTarget;
			buildConfigurationList = CB8E4CBA1A2503BA00330611 /* Build configuration list for PBXNativeTarget "Flippy Tests" */;
			buildPhases = (
				CB8E4CAC1A2503BA00330611 /* Sources */,
				CB8E4CAD1A2503BA00330611 /* Frameworks */,
				CB8E4CAE1A2503BA00330611 /* Resources */,
			);
			buildRules = (
			);
			dependencies = (
				CB8E4CB71A2503BA00330611 /* PBXTargetDependency */,
			);
			name = "Flippy Tests";
			productName = "Flippy Tests";
			productReference = CB8E4CB01A2503BA00330611 /* Flippy Tests.xctest */;
			productType = "com.apple.product-type.bundle.unit-test";
		};
		CBB4B7F4183C00E1003C3444 /* Flippy */ = {
			isa = PBXNativeTarget;
			buildConfigurationList = CBB4B831183C00E1003C3444 /* Build configuration list for PBXNativeTarget "Flippy" */;
			buildPhases = (
				692B5FB16969F57485BBD241 /* Check Pods Manifest.lock */,
				CBB4B7F1183C00E1003C3444 /* Sources */,
				CBB4B7F2183C00E1003C3444 /* Frameworks */,
				CBB4B7F3183C00E1003C3444 /* Resources */,
				1C15A9F32EFDB8C3A4ED2969 /* Copy Pods Resources */,
				B6B2FEA90675EB633D961E99 /* Embed Pods Frameworks */,
			);
			buildRules = (
			);
			dependencies = (
			);
			name = Flippy;
			productName = Flippy;
			productReference = CBB4B7F5183C00E1003C3444 /* Flippy.app */;
			productType = "com.apple.product-type.application";
		};
/* End PBXNativeTarget section */

/* Begin PBXProject section */
		CBB4B7ED183C00E1003C3444 /* Project object */ = {
			isa = PBXProject;
			attributes = {
				CLASSPREFIX = FL;
				LastUpgradeCheck = 0720;
				ORGANIZATIONNAME = "Hilo Games";
				TargetAttributes = {
					CB8E4CAF1A2503BA00330611 = {
						CreatedOnToolsVersion = 6.1;
						TestTargetID = CBB4B7F4183C00E1003C3444;
					};
					CBB4B7F4183C00E1003C3444 = {
						DevelopmentTeam = L2559SMXTM;
					};
				};
			};
			buildConfigurationList = CBB4B7F0183C00E1003C3444 /* Build configuration list for PBXProject "Flippy" */;
			compatibilityVersion = "Xcode 3.2";
			developmentRegion = English;
			hasScannedForEncodings = 0;
			knownRegions = (
				en,
				Base,
			);
			mainGroup = CBB4B7EC183C00E1003C3444;
			productRefGroup = CBB4B7F6183C00E1003C3444 /* Products */;
			projectDirPath = "";
			projectRoot = "";
			targets = (
				CBB4B7F4183C00E1003C3444 /* Flippy */,
				CB8E4CAF1A2503BA00330611 /* Flippy Tests */,
			);
		};
/* End PBXProject section */

/* Begin PBXResourcesBuildPhase section */
		CB8E4CAE1A2503BA00330611 /* Resources */ = {
			isa = PBXResourcesBuildPhase;
			buildActionMask = 2147483647;
			files = (
			);
			runOnlyForDeploymentPostprocessing = 0;
		};
		CBB4B7F3183C00E1003C3444 /* Resources */ = {
			isa = PBXResourcesBuildPhase;
			buildActionMask = 2147483647;
			files = (
				CB960306196B86FF00569870 /* menu-button.png in Resources */,
				CBA5ED541907007800DBF36E /* circuits in Resources */,
				CB6F6E831A03E9A9003112D8 /* brr-bring.caf in Resources */,
				CB96033E196B88AD00569870 /* value-0-nonatlas.png in Resources */,
				CB960343196B892E00569870 /* tools.atlas in Resources */,
				CB96030E196B86FF00569870 /* wooden-clatter-1.caf in Resources */,
				CBD65A1319CB4FCF00F488B2 /* plink-1.caf in Resources */,
				CB960339196B88AD00569870 /* join-left-nonatlas.png in Resources */,
				CB17FD7819C8A69000DECE5E /* train-whistle-tune-1.caf in Resources */,
				CB960311196B86FF00569870 /* wooden-clickity-2.caf in Resources */,
				CB960300196B86FF00569870 /* engine.png in Resources */,
				CBD65A1419CB4FCF00F488B2 /* plink-2.caf in Resources */,
				CB96033A196B88AD00569870 /* join-right-nonatlas.png in Resources */,
				CB2ED87419D9AB8C0021CF86 /* grass.jpg in Resources */,
				CB96033D196B88AD00569870 /* switch-nonatlas.png in Resources */,
				CB17FD7C19C8AAD100DECE5E /* pop-2.caf in Resources */,
				CBB4B81B183C00E1003C3444 /* Images.xcassets in Resources */,
				CB1D39E419F05A3900D829CB /* platform-start-left-nonatlas.png in Resources */,
				CB960337196B88AD00569870 /* jog-left-nonatlas.png in Resources */,
				CB05B3B5196B358800FF58A5 /* levels in Resources */,
				CB230D791A003E6A00F4CA44 /* unlock.png in Resources */,
				CB05B3B1196B353A00FF58A5 /* sleeperDestruction.sks in Resources */,
				CB84E0881A76885300E2BDA6 /* hilo-icon-128-background.png in Resources */,
				CB96033C196B88AD00569870 /* straight-nonatlas.png in Resources */,
				CBA5ED521906FECD00DBF36E /* gates in Resources */,
				CB485D95196EE0CC00E8646B /* Localizable.strings in Resources */,
				CB960308196B86FF00569870 /* rail.png in Resources */,
				CB1D39E219F05A3900D829CB /* platform-left-nonatlas.png in Resources */,
				CBBB184B19C736F30088D345 /* train-whistle-2.caf in Resources */,
				CB049D0B1A1E5CF800E5095F /* launch-image.jpg in Resources */,
				CBAA13371A1D1ECD00FD90F8 /* LaunchScreen.xib in Resources */,
				CB960310196B86FF00569870 /* wooden-click-2.caf in Resources */,
				CB960335196B88AD00569870 /* cross-nonatlas.png in Resources */,
				CB960344196B892E00569870 /* track.atlas in Resources */,
				CBE687AB1A0BC5AB00072EB0 /* Help.plist in Resources */,
				CB960336196B88AD00569870 /* curve-nonatlas.png in Resources */,
				CB96033F196B88AD00569870 /* value-1-nonatlas.png in Resources */,
				CB960309196B86FF00569870 /* sleeper.png in Resources */,
				CB6F6E811A03DAAB003112D8 /* happyBurst.png in Resources */,
				CB6F6E801A03DAAB003112D8 /* happyBurst.sks in Resources */,
				CBBB185219C739EF0088D345 /* train-stop-hiss.caf in Resources */,
				CB1D39E519F05A3900D829CB /* platform-start-right-nonatlas.png in Resources */,
				CB485D88196ECE2B00E8646B /* ChallengeLevels.plist in Resources */,
				CB17FD7A19C8A7B800DECE5E /* ka-chick.caf in Resources */,
				CBB4B805183C00E1003C3444 /* InfoPlist.strings in Resources */,
				CB960338196B88AD00569870 /* jog-right-nonatlas.png in Resources */,
				CB05B3B0196B353A00FF58A5 /* railDestruction.sks in Resources */,
				CB96030F196B86FF00569870 /* wooden-click-1.caf in Resources */,
				CB1D39E319F05A3900D829CB /* platform-right-nonatlas.png in Resources */,
			);
			runOnlyForDeploymentPostprocessing = 0;
		};
/* End PBXResourcesBuildPhase section */

/* Begin PBXShellScriptBuildPhase section */
		1C15A9F32EFDB8C3A4ED2969 /* Copy Pods Resources */ = {
			isa = PBXShellScriptBuildPhase;
			buildActionMask = 2147483647;
			files = (
			);
			inputPaths = (
			);
			name = "Copy Pods Resources";
			outputPaths = (
			);
			runOnlyForDeploymentPostprocessing = 0;
			shellPath = /bin/sh;
			shellScript = "\"${SRCROOT}/Pods/Target Support Files/Pods-Flippy/Pods-Flippy-resources.sh\"\n";
			showEnvVarsInLog = 0;
		};
		692B5FB16969F57485BBD241 /* Check Pods Manifest.lock */ = {
			isa = PBXShellScriptBuildPhase;
			buildActionMask = 2147483647;
			files = (
			);
			inputPaths = (
			);
			name = "Check Pods Manifest.lock";
			outputPaths = (
			);
			runOnlyForDeploymentPostprocessing = 0;
			shellPath = /bin/sh;
			shellScript = "diff \"${PODS_ROOT}/../Podfile.lock\" \"${PODS_ROOT}/Manifest.lock\" > /dev/null\nif [[ $? != 0 ]] ; then\n    cat << EOM\nerror: The sandbox is not in sync with the Podfile.lock. Run 'pod install' or update your CocoaPods installation.\nEOM\n    exit 1\nfi\n";
			showEnvVarsInLog = 0;
		};
		B6B2FEA90675EB633D961E99 /* Embed Pods Frameworks */ = {
			isa = PBXShellScriptBuildPhase;
			buildActionMask = 2147483647;
			files = (
			);
			inputPaths = (
			);
			name = "Embed Pods Frameworks";
			outputPaths = (
			);
			runOnlyForDeploymentPostprocessing = 0;
			shellPath = /bin/sh;
			shellScript = "\"${SRCROOT}/Pods/Target Support Files/Pods-Flippy/Pods-Flippy-frameworks.sh\"\n";
			showEnvVarsInLog = 0;
		};
/* End PBXShellScriptBuildPhase section */

/* Begin PBXSourcesBuildPhase section */
		CB8E4CAC1A2503BA00330611 /* Sources */ = {
			isa = PBXSourcesBuildPhase;
			buildActionMask = 2147483647;
			files = (
				CB8E4CBC1A2503F600330611 /* DenseSectorTableTests.mm in Sources */,
			);
			runOnlyForDeploymentPostprocessing = 0;
		};
		CBB4B7F1183C00E1003C3444 /* Sources */ = {
			isa = PBXSourcesBuildPhase;
			buildActionMask = 2147483647;
			files = (
				CBFCCE611A1BDB6600A598E5 /* FLApplication.m in Sources */,
				CB82BA311A04612E00B2E503 /* FLGoalsNode.mm in Sources */,
				CB0FBEF31A23944C0024CFBD /* DenseSectorTable.cpp in Sources */,
				CBB4B817183C00E1003C3444 /* FLTrackScene.mm in Sources */,
				CB50C21718BF8F140072DA30 /* FLTrackGrid.mm in Sources */,
				CBB4B80B183C00E1003C3444 /* FLAppDelegate.mm in Sources */,
				CBD707C418AD0EE00041B170 /* FLTrain.mm in Sources */,
				CB0DA5A618B7D8CE00E43D34 /* FLPath.mm in Sources */,
				CB929EAE18B93AE200543F25 /* FLSegmentNode.mm in Sources */,
				CB485D92196ED4D900E8646B /* FLConstants.m in Sources */,
				CBB4B807183C00E1003C3444 /* main.m in Sources */,
				CBF729A01A82AD8A00F3FFA3 /* DSMultilineLabelNode.m in Sources */,
				CBB4B814183C00E1003C3444 /* FLViewController.mm in Sources */,
				CB7B494C18D39E1C00FACEF4 /* FLLinks.mm in Sources */,
				CBC28EC819F9580D00DA248E /* FLUser.m in Sources */,
			);
			runOnlyForDeploymentPostprocessing = 0;
		};
/* End PBXSourcesBuildPhase section */

/* Begin PBXTargetDependency section */
		CB8E4CB71A2503BA00330611 /* PBXTargetDependency */ = {
			isa = PBXTargetDependency;
			target = CBB4B7F4183C00E1003C3444 /* Flippy */;
			targetProxy = CB8E4CB61A2503BA00330611 /* PBXContainerItemProxy */;
		};
/* End PBXTargetDependency section */

/* Begin PBXVariantGroup section */
		CB485D93196EE0CC00E8646B /* Localizable.strings */ = {
			isa = PBXVariantGroup;
			children = (
				CB485D94196EE0CC00E8646B /* en */,
			);
			name = Localizable.strings;
			sourceTree = "<group>";
		};
		CBB4B803183C00E1003C3444 /* InfoPlist.strings */ = {
			isa = PBXVariantGroup;
			children = (
				CBB4B804183C00E1003C3444 /* en */,
			);
			name = InfoPlist.strings;
			sourceTree = "<group>";
		};
/* End PBXVariantGroup section */

/* Begin XCBuildConfiguration section */
		CB8E4CB81A2503BA00330611 /* Debug */ = {
			isa = XCBuildConfiguration;
			buildSettings = {
				BUNDLE_LOADER = "$(TEST_HOST)";
				CLANG_WARN_OBJC_ROOT_CLASS = YES_ERROR;
				CLANG_WARN_UNREACHABLE_CODE = YES;
				CLANG_WARN__DUPLICATE_METHOD_MATCH = YES;
				ENABLE_STRICT_OBJC_MSGSEND = YES;
				FRAMEWORK_SEARCH_PATHS = (
					"$(SDKROOT)/Developer/Library/Frameworks",
					"$(inherited)",
				);
				GCC_PREPROCESSOR_DEFINITIONS = (
					"DEBUG=1",
					"$(inherited)",
				);
				GCC_WARN_UNDECLARED_SELECTOR = YES;
				GCC_WARN_UNINITIALIZED_AUTOS = YES_AGGRESSIVE;
				GCC_WARN_UNUSED_FUNCTION = YES;
				GCC_WARN_UNUSED_VARIABLE = YES;
				INFOPLIST_FILE = "Flippy Tests/Info.plist";
				IPHONEOS_DEPLOYMENT_TARGET = 8.1;
				LD_RUNPATH_SEARCH_PATHS = "$(inherited) @executable_path/Frameworks @loader_path/Frameworks";
				MTL_ENABLE_DEBUG_INFO = YES;
				PRODUCT_BUNDLE_IDENTIFIER = "com.hilogames.$(PRODUCT_NAME:rfc1034identifier)";
				PRODUCT_NAME = "$(TARGET_NAME)";
				TEST_HOST = "$(BUILT_PRODUCTS_DIR)/Flippy.app/Flippy";
			};
			name = Debug;
		};
		CB8E4CB91A2503BA00330611 /* Release */ = {
			isa = XCBuildConfiguration;
			buildSettings = {
				BUNDLE_LOADER = "$(TEST_HOST)";
				CLANG_WARN_OBJC_ROOT_CLASS = YES_ERROR;
				CLANG_WARN_UNREACHABLE_CODE = YES;
				CLANG_WARN__DUPLICATE_METHOD_MATCH = YES;
				ENABLE_STRICT_OBJC_MSGSEND = YES;
				FRAMEWORK_SEARCH_PATHS = (
					"$(SDKROOT)/Developer/Library/Frameworks",
					"$(inherited)",
				);
				GCC_WARN_UNDECLARED_SELECTOR = YES;
				GCC_WARN_UNINITIALIZED_AUTOS = YES_AGGRESSIVE;
				GCC_WARN_UNUSED_FUNCTION = YES;
				GCC_WARN_UNUSED_VARIABLE = YES;
				INFOPLIST_FILE = "Flippy Tests/Info.plist";
				IPHONEOS_DEPLOYMENT_TARGET = 8.1;
				LD_RUNPATH_SEARCH_PATHS = "$(inherited) @executable_path/Frameworks @loader_path/Frameworks";
				MTL_ENABLE_DEBUG_INFO = NO;
				PRODUCT_BUNDLE_IDENTIFIER = "com.hilogames.$(PRODUCT_NAME:rfc1034identifier)";
				PRODUCT_NAME = "$(TARGET_NAME)";
				TEST_HOST = "$(BUILT_PRODUCTS_DIR)/Flippy.app/Flippy";
			};
			name = Release;
		};
		CBB4B82F183C00E1003C3444 /* Debug */ = {
			isa = XCBuildConfiguration;
			baseConfigurationReference = CB4E6A49197CAEA600385300 /* HLProject.xcconfig */;
			buildSettings = {
				ALWAYS_SEARCH_USER_PATHS = NO;
				CLANG_CXX_LANGUAGE_STANDARD = "gnu++0x";
				CLANG_CXX_LIBRARY = "libc++";
				CLANG_ENABLE_MODULES = YES;
				CLANG_ENABLE_OBJC_ARC = YES;
				CLANG_WARN_BOOL_CONVERSION = YES;
				CLANG_WARN_CONSTANT_CONVERSION = YES;
				CLANG_WARN_DIRECT_OBJC_ISA_USAGE = YES_ERROR;
				CLANG_WARN_EMPTY_BODY = YES;
				CLANG_WARN_ENUM_CONVERSION = YES;
				CLANG_WARN_INT_CONVERSION = YES;
				"CODE_SIGN_IDENTITY[sdk=iphoneos*]" = "iPhone Developer";
				COPY_PHASE_STRIP = NO;
				ENABLE_TESTABILITY = YES;
				GCC_C_LANGUAGE_STANDARD = gnu99;
				GCC_DYNAMIC_NO_PIC = NO;
				GCC_OPTIMIZATION_LEVEL = 0;
				GCC_PREPROCESSOR_DEFINITIONS = (
					"DEBUG=1",
					"$(inherited)",
				);
				GCC_SYMBOLS_PRIVATE_EXTERN = NO;
				GCC_WARN_64_TO_32_BIT_CONVERSION = YES;
				GCC_WARN_ABOUT_RETURN_TYPE = YES_ERROR;
				IPHONEOS_DEPLOYMENT_TARGET = 7.0;
				ONLY_ACTIVE_ARCH = YES;
				SDKROOT = iphoneos;
				SPRITEKIT_TEXTURE_ATLAS_OUTPUT = YES;
				TARGETED_DEVICE_FAMILY = "1,2";
			};
			name = Debug;
		};
		CBB4B830183C00E1003C3444 /* Release */ = {
			isa = XCBuildConfiguration;
			baseConfigurationReference = CB4E6A49197CAEA600385300 /* HLProject.xcconfig */;
			buildSettings = {
				ALWAYS_SEARCH_USER_PATHS = NO;
				CLANG_CXX_LANGUAGE_STANDARD = "gnu++0x";
				CLANG_CXX_LIBRARY = "libc++";
				CLANG_ENABLE_MODULES = YES;
				CLANG_ENABLE_OBJC_ARC = YES;
				CLANG_WARN_BOOL_CONVERSION = YES;
				CLANG_WARN_CONSTANT_CONVERSION = YES;
				CLANG_WARN_DIRECT_OBJC_ISA_USAGE = YES_ERROR;
				CLANG_WARN_EMPTY_BODY = YES;
				CLANG_WARN_ENUM_CONVERSION = YES;
				CLANG_WARN_INT_CONVERSION = YES;
				"CODE_SIGN_IDENTITY[sdk=iphoneos*]" = "iPhone Developer";
				COPY_PHASE_STRIP = YES;
				ENABLE_NS_ASSERTIONS = NO;
				GCC_C_LANGUAGE_STANDARD = gnu99;
				GCC_WARN_64_TO_32_BIT_CONVERSION = YES;
				GCC_WARN_ABOUT_RETURN_TYPE = YES_ERROR;
				IPHONEOS_DEPLOYMENT_TARGET = 7.0;
				SDKROOT = iphoneos;
				SPRITEKIT_TEXTURE_ATLAS_OUTPUT = YES;
				TARGETED_DEVICE_FAMILY = "1,2";
				VALIDATE_PRODUCT = YES;
			};
			name = Release;
		};
		CBB4B832183C00E1003C3444 /* Debug */ = {
			isa = XCBuildConfiguration;
			baseConfigurationReference = D8D553652305AF6F8063F695 /* Pods-Flippy.debug.xcconfig */;
			buildSettings = {
				ASSETCATALOG_COMPILER_APPICON_NAME = AppIcon;
				ASSETCATALOG_COMPILER_LAUNCHIMAGE_NAME = LaunchImage;
				CLANG_ANALYZER_SECURITY_FLOATLOOPCOUNTER = YES;
				CLANG_ANALYZER_SECURITY_INSECUREAPI_RAND = YES;
				CLANG_ANALYZER_SECURITY_INSECUREAPI_STRCPY = YES;
				CLANG_WARN_CXX0X_EXTENSIONS = YES;
				CLANG_WARN_DEPRECATED_OBJC_IMPLEMENTATIONS = YES;
				CLANG_WARN_IMPLICIT_SIGN_CONVERSION = YES;
				CLANG_WARN_OBJC_EXPLICIT_OWNERSHIP_TYPE = YES;
				CLANG_WARN_OBJC_IMPLICIT_ATOMIC_PROPERTIES = YES;
				CLANG_WARN_OBJC_IMPLICIT_RETAIN_SELF = YES;
				CLANG_WARN_OBJC_RECEIVER_WEAK = YES;
				CLANG_WARN_OBJC_REPEATED_USE_OF_WEAK = NO;
				CLANG_WARN_SUSPICIOUS_IMPLICIT_CONVERSION = YES;
				CLANG_WARN__EXIT_TIME_DESTRUCTORS = YES;
				CODE_SIGN_IDENTITY = "iPhone Developer";
				"CODE_SIGN_IDENTITY[sdk=iphoneos*]" = "iPhone Developer";
				GCC_PRECOMPILE_PREFIX_HEADER = YES;
				GCC_PREFIX_HEADER = "Flippy/Flippy-Prefix.pch";
				GCC_TREAT_IMPLICIT_FUNCTION_DECLARATIONS_AS_ERRORS = YES;
				GCC_TREAT_INCOMPATIBLE_POINTER_TYPE_WARNINGS_AS_ERRORS = YES;
				GCC_TREAT_WARNINGS_AS_ERRORS = YES;
				GCC_WARN_ABOUT_MISSING_NEWLINE = YES;
				GCC_WARN_HIDDEN_VIRTUAL_FUNCTIONS = YES;
				GCC_WARN_INITIALIZER_NOT_FULLY_BRACKETED = YES;
				GCC_WARN_NON_VIRTUAL_DESTRUCTOR = YES;
				GCC_WARN_SHADOW = YES;
				GCC_WARN_SIGN_COMPARE = YES;
				GCC_WARN_STRICT_SELECTOR_MATCH = YES;
				GCC_WARN_UNKNOWN_PRAGMAS = YES;
				GCC_WARN_UNUSED_LABEL = YES;
				INFOPLIST_FILE = "Flippy/Flippy-Info.plist";
				IPHONEOS_DEPLOYMENT_TARGET = 7.0;
				PRODUCT_BUNDLE_IDENTIFIER = "com.hilogames.$(PRODUCT_NAME:rfc1034identifier)";
				PRODUCT_NAME = "$(TARGET_NAME)";
				PROVISIONING_PROFILE = "";
				SPRITEKIT_TEXTURE_ATLAS_OUTPUT = YES;
				WRAPPER_EXTENSION = app;
			};
			name = Debug;
		};
		CBB4B833183C00E1003C3444 /* Release */ = {
			isa = XCBuildConfiguration;
			baseConfigurationReference = 0E26A1CC5842D2D6A69C2939 /* Pods-Flippy.release.xcconfig */;
			buildSettings = {
				ASSETCATALOG_COMPILER_APPICON_NAME = AppIcon;
				ASSETCATALOG_COMPILER_LAUNCHIMAGE_NAME = LaunchImage;
				CLANG_ANALYZER_SECURITY_FLOATLOOPCOUNTER = YES;
				CLANG_ANALYZER_SECURITY_INSECUREAPI_RAND = YES;
				CLANG_ANALYZER_SECURITY_INSECUREAPI_STRCPY = YES;
				CLANG_WARN_CXX0X_EXTENSIONS = YES;
				CLANG_WARN_DEPRECATED_OBJC_IMPLEMENTATIONS = YES;
				CLANG_WARN_IMPLICIT_SIGN_CONVERSION = YES;
				CLANG_WARN_OBJC_EXPLICIT_OWNERSHIP_TYPE = YES;
				CLANG_WARN_OBJC_IMPLICIT_ATOMIC_PROPERTIES = YES;
				CLANG_WARN_OBJC_IMPLICIT_RETAIN_SELF = YES;
				CLANG_WARN_OBJC_RECEIVER_WEAK = YES;
				CLANG_WARN_OBJC_REPEATED_USE_OF_WEAK = NO;
				CLANG_WARN_SUSPICIOUS_IMPLICIT_CONVERSION = YES;
				CLANG_WARN__EXIT_TIME_DESTRUCTORS = YES;
				CODE_SIGN_IDENTITY = "iPhone Developer";
				"CODE_SIGN_IDENTITY[sdk=iphoneos*]" = "iPhone Developer";
				GCC_PRECOMPILE_PREFIX_HEADER = YES;
				GCC_PREFIX_HEADER = "Flippy/Flippy-Prefix.pch";
				GCC_TREAT_IMPLICIT_FUNCTION_DECLARATIONS_AS_ERRORS = YES;
				GCC_TREAT_INCOMPATIBLE_POINTER_TYPE_WARNINGS_AS_ERRORS = YES;
				GCC_TREAT_WARNINGS_AS_ERRORS = YES;
				GCC_WARN_ABOUT_MISSING_NEWLINE = YES;
				GCC_WARN_HIDDEN_VIRTUAL_FUNCTIONS = YES;
				GCC_WARN_INITIALIZER_NOT_FULLY_BRACKETED = YES;
				GCC_WARN_NON_VIRTUAL_DESTRUCTOR = YES;
				GCC_WARN_SHADOW = YES;
				GCC_WARN_SIGN_COMPARE = YES;
				GCC_WARN_STRICT_SELECTOR_MATCH = YES;
				GCC_WARN_UNKNOWN_PRAGMAS = YES;
				GCC_WARN_UNUSED_LABEL = YES;
				INFOPLIST_FILE = "Flippy/Flippy-Info.plist";
				IPHONEOS_DEPLOYMENT_TARGET = 7.0;
				"OTHER_CFLAGS[arch=*]" = "-DNS_BLOCK_ASSERTIONS=1";
				PRODUCT_BUNDLE_IDENTIFIER = "com.hilogames.$(PRODUCT_NAME:rfc1034identifier)";
				PRODUCT_NAME = "$(TARGET_NAME)";
				PROVISIONING_PROFILE = "";
				SPRITEKIT_TEXTURE_ATLAS_OUTPUT = YES;
				WRAPPER_EXTENSION = app;
			};
			name = Release;
		};
/* End XCBuildConfiguration section */

/* Begin XCConfigurationList section */
		CB8E4CBA1A2503BA00330611 /* Build configuration list for PBXNativeTarget "Flippy Tests" */ = {
			isa = XCConfigurationList;
			buildConfigurations = (
				CB8E4CB81A2503BA00330611 /* Debug */,
				CB8E4CB91A2503BA00330611 /* Release */,
			);
			defaultConfigurationIsVisible = 0;
			defaultConfigurationName = Release;
		};
		CBB4B7F0183C00E1003C3444 /* Build configuration list for PBXProject "Flippy" */ = {
			isa = XCConfigurationList;
			buildConfigurations = (
				CBB4B82F183C00E1003C3444 /* Debug */,
				CBB4B830183C00E1003C3444 /* Release */,
			);
			defaultConfigurationIsVisible = 0;
			defaultConfigurationName = Release;
		};
		CBB4B831183C00E1003C3444 /* Build configuration list for PBXNativeTarget "Flippy" */ = {
			isa = XCConfigurationList;
			buildConfigurations = (
				CBB4B832183C00E1003C3444 /* Debug */,
				CBB4B833183C00E1003C3444 /* Release */,
			);
			defaultConfigurationIsVisible = 0;
			defaultConfigurationName = Release;
		};
/* End XCConfigurationList section */
	};
	rootObject = CBB4B7ED183C00E1003C3444 /* Project object */;
}
